
Microsoft Visual Studio Solution File, Format Version 12.00
# Visual Studio Version 17
VisualStudioVersion = 17.6.33829.357
MinimumVisualStudioVersion = 10.0.40219.1
Project("{FAE04EC0-301F-11D3-BF4B-00C04F79EFBC}") = "NewProjectOnMVCFullStack", "NewProjectOnMVCFullStack.csproj", "{7E1F8EEB-87DA-4E87-B9A2-EC2DA47972B1}"
EndProject
Global
	GlobalSection(SolutionConfigurationPlatforms) = preSolution
		Debug|Any CPU = Debug|Any CPU
		Release|Any CPU = Release|Any CPU
	EndGlobalSection
	GlobalSection(ProjectConfigurationPlatforms) = postSolution
		{7E1F8EEB-87DA-4E87-B9A2-EC2DA47972B1}.Debug|Any CPU.ActiveCfg = Debug|Any CPU
		{7E1F8EEB-87DA-4E87-B9A2-EC2DA47972B1}.Debug|Any CPU.Build.0 = Debug|Any CPU
		{7E1F8EEB-87DA-4E87-B9A2-EC2DA47972B1}.Release|Any CPU.ActiveCfg = Release|Any CPU
		{7E1F8EEB-87DA-4E87-B9A2-EC2DA47972B1}.Release|Any CPU.Build.0 = Release|Any CPU
	EndGlobalSection
	GlobalSection(SolutionProperties) = preSolution
		HideSolutionNode = FALSE
	EndGlobalSection
	GlobalSection(ExtensibilityGlobals) = postSolution
		SolutionGuid = {BE123BE3-0CDD-4624-BA73-AB5D9F07770F}
	EndGlobalSection
EndGlobal
